version = 1
revision = 3
requires-python = ">=3.10"

[[package]]
name = "clang-format"
version = "23.1.0"
source = { registry = "https://pypi.org/simple" }
sdist = { url = "https://files.pythonhosted.org/packages/7c/5d/eef0c105ee0acf44cb28578db43df12e318102d649f677a7d22f0135c9a7/clang_format-23.1.0.tar.gz", hash = "sha256:e751ffb23793d32660fab868bc6bc6f84a2c93bd9c2dc56d87059d091e24c62f", size = 11507, upload-time = "2026-08-26T19:54:10.892Z" }
wheels = [
    { url = "https://files.pythonhosted.org/packages/39/12/19aa8e660d5bb464a624d99f4f580805ed69b0996d955ebab7b64b0290d9/clang_format-23.1.0-py2.py3-none-macosx_10_9_x86_64.whl", hash = "sha256:b2bf38c6de0a0a7a18a92ce9c37b7db83939f631b575f6fb5b62b3aae25d989c", size = 1564684, upload-time = "2026-08-26T19:53:42.835Z" },
    { url = "https://files.pythonhosted.org/packages/6c/ed/2499a06276607649189aea4dcf335c6145ec3e5df0a2653c5b00d27a7ef0/clang_format-23.1.0-py2.py3-none-macosx_11_0_arm64.whl", hash = "sha256:863177cce9b288d9d3d5035c14e914d2f40997acd2c5f601057857200b4f922f", size = 1552083, upload-time = "2026-08-26T19:53:44.523Z" },
    { url = "https://files.pythonhosted.org/packages/56/3c/afcc9c3a9ec5c1e8862ca96ce28e8f8f0155ec0f6f155e1c5ff9eb2eefc1/clang_format-23.1.0-py2.py3-none-manylinux_2_26_aarch64.manylinux_2_28_aarch64.whl", hash = "sha256:8935aae9adf87ccf462de0b2243dce0b1aee9e14ef67846b5389fd54fe44f8df", size = 1820591, upload-time = "2026-08-26T19:53:45.923Z" },
    { url = "https://files.pythonhosted.org/packages/ba/ea/3eed5fd7180a195bc7ef94c3f8c489b51ed383dced619c9a8ddc6ec313d3/clang_format-23.1.0-py2.py3-none-manylinux_2_26_i686.manylinux_2_28_i686.whl", hash = "sha256:c41b7c35323865ea0743ea13473a78ffba0ee8fe01fe78ec3b01808372e418e1", size = 1955020, upload-time = "2026-08-26T19:53:47.547Z" },
    { url = "https://files.pythonhosted.org/packages/e7/2f/d2340cd312504e3add2b46f499618173da45b298b28754a085dec4129873/clang_format-23.1.0-py2.py3-none-manylinux_2_26_ppc64le.manylinux_2_28_ppc64le.whl", hash = "sha256:0e7a424dc53bba459d4fd61ed7e108534127f7c906ea6a12548e8cbf8f07f35d", size = 2191998, upload-time = "2026-08-26T19:53:49.196Z" },
    { url = "https://files.pythonhosted.org/packages/be/e7/944031631cf257c64bf2241dbc786ed071c109cb0f6caa2727bd085a8d81/clang_format-23.1.0-py2.py3-none-manylinux_2_26_s390x.manylinux_2_28_s390x.whl", hash = "sha256:eee435dd5f1f31e750799421525a898b44ea05e7db4e6260ea4d21f51321d359", size = 2160866, upload-time = "2026-08-26T19:53:50.804Z" },
    { url = "https://files.pythonhosted.org/packages/d6/5e/0cec4027161a74c9b04769a9e157463deee9ccbef672a2d13d9ab58bd7c2/clang_format-23.1.0-py2.py3-none-manylinux_2_27_x86_64.manylinux_2_28_x86_64.whl", hash = "sha256:9c8e732d10689d23d59854d47efa048b0f87191113d1bc7df4286a5f960ecd17", size = 1906901, upload-time = "2026-08-26T19:53:52.303Z" },
    { url = "https://files.pythonhosted.org/packages/c3/3b/c2ae0a242d37bc3b318ea7bb6dac146f31023e641266fadd078121219a8a/clang_format-23.1.0-py2.py3-none-manylinux_2_31_armv7l.whl", hash = "sha256:421ad1b40b4d31a3a61b95a5feb0359a2fba7e708d0251f905ffa01c7f2a9c8e", size = 1738282, upload-time = "2026-08-26T19:53:53.912Z" },
    { url = "https://files.pythonhosted.org/packages/df/97/73d91fe11f62525b711e37c96696e0dd6ad2fb40ce24cd36dc16f420e932/clang_format-23.1.0-py2.py3-none-musllinux_1_2_aarch64.whl", hash = "sha256:42739bd675c7299beef49bb7ee6978bd427a4669cfc8c70d197582227ddd6dce", size = 2801945, upload-time = "2026-08-26T19:53:55.993Z" },
    { url = "https://files.pythonhosted.org/packages/72/ee/c6d0b705abce554854be6d232cc4cb003ee0fe1c1daebdd598a1c61ac343/clang_format-23.1.0-py2.py3-none-musllinux_1_2_armv7l.whl", hash = "sha256:7e469dade8f5796bc82eb35a497216d84971c881092e148bba217324bc3fb518", size = 2579905, upload-time = "2026-08-26T19:53:57.913Z" },
    { url = "https://files.pythonhosted.org/packages/87/de/2e17b643e70cff08508abfe97c9c36a9295346870c10880cd2116f90d9f4/clang_format-23.1.0-py2.py3-none-musllinux_1_2_i686.whl", hash = "sha256:1d484e435c9b11db2bb69a6c485eced1667e06f24ef61260511a9abc283e5f76", size = 3057235, upload-time = "2026-08-26T19:53:59.711Z" },
    { url = "https://files.pythonhosted.org/packages/ea/37/92024a11ae51c70bf03a686b90b4ae898e12702749a96e13f0ea65a39d55/clang_format-23.1.0-py2.py3-none-musllinux_1_2_ppc64le.whl", hash = "sha256:b8e46f4ca14991df82a8319ee598656e50228be58595e02a3e1b175dd6928d75", size = 3246990, upload-time = "2026-08-26T19:54:01.437Z" },
    { url = "https://files.pythonhosted.org/packages/9a/b2/411f94da09590226f8719ba82b94af79105011cbaae73522f55bd65d6f7e/clang_format-23.1.0-py2.py3-none-musllinux_1_2_s390x.whl", hash = "sha256:ef808d62b4af3de09710df602fea7b5c3e8e8eb0f515762eeafee35b2cba8384", size = 3285742, upload-time = "2026-08-26T19:54:03.094Z" },
    { url = "https://files.pythonhosted.org/packages/4d/5a/9d0304b2d454e255b75bc09ee83110864436dbf8014f42eb6ff5100952a2/clang_format-23.1.0-py2.py3-none-musllinux_1_2_x86_64.whl", hash = "sha256:152d66ebaf333b920cd5a13b678976885d673cccfc647ee4e144dce97ad4b452", size = 2919513, upload-time = "2026-08-26T19:54:05.145Z" },
    { url = "https://files.pythonhosted.org/packages/53/9b/51c725a240285d684936d25cd316775186dbc44bdb6e3bc43b2ccb438b5f/clang_format-23.1.0-py2.py3-none-win32.whl", hash = "sha256:8fa176b2a4d994fdd1b26a7b016ceb09555a12ada5d4eefe75af7f550aef11e9", size = 1363436, upload-time = "2026-08-26T19:54:06.746Z" },
    { url = "https://files.pythonhosted.org/packages/95/19/501001c2aa10dff69eb3ec3802851abafbdd3adeb06db152fef553b5ef00/clang_format-23.1.0-py2.py3-none-win_amd64.whl", hash = "sha256:c10a99dc55a5630bbf6135f004e057d1a3153e4f54cda3f67e0c0b5a150d1cdd", size = 1537314, upload-time = "2026-08-26T19:54:08.184Z" },
    { url = "https://files.pythonhosted.org/packages/8b/e0/d44445801720bb21d9d8fb6a2c16f78065dc1f0d7c9379c5214dd07a2db8/clang_format-23.1.0-py2.py3-none-win_arm64.whl", hash = "sha256:6b565baa8d478eaac44a8a68802cce1e6e998e9c80680d222862761d1afe62e1", size = 1410985, upload-time = "2026-08-26T19:54:09.659Z" },
]

[[package]]
name = "colorama"
version = "0.4.6"
source = { registry = "https://pypi.org/simple" }
sdist = { url = "https://files.pythonhosted.org/packages/d8/53/6f443c9a4a8358a93a6792e2acffb9d9d5cb0a5cfd8802644b7b1c9a02e4/colorama-0.4.6.tar.gz", hash = "sha256:08695f5cb7ed6e0531a20572697297273c47b8cae5a63ffc6d6ed5c201be6e44", size = 27697, upload-time = "2022-10-25T02:36:22.414Z" }
wheels = [
    { url = "https://files.pythonhosted.org/packages/d1/d6/3965ed04c63042e047cb6a3e6ed1a63a35087b6a609aa3a15ed8ac56c221/colorama-0.4.6-py2.py3-none-any.whl", hash = "sha256:4f1d9991f5acc0ca119f9d443620b77f9d6b33703e51011c16baf57afb285fc6", size = 25335, upload-time = "2022-10-25T02:36:20.889Z" },
]

[[package]]
name = "exceptiongroup"
version = "1.3.0"
source = { registry = "https://pypi.org/simple" }
dependencies = [
    { name = "typing-extensions" },
]
sdist = { url = "https://files.pythonhosted.org/packages/0b/9f/a65090624ecf468cdca03533906e7c69ed7588582240cfe7cc9e770b50eb/exceptiongroup-1.3.0.tar.gz", hash = "sha256:b241f5885f560bc56a59ee63ca4c6a8bfa46ae4ad651af316d4e81817bb9fd88", size = 29749, upload-time = "2025-05-10T17:42:51.123Z" }
wheels = [
    { url = "https://files.pythonhosted.org/packages/36/f4/c6e662dade71f56cd2f3735141b265c3c79293c109549c1e6933b0651ffc/exceptiongroup-1.3.0-py3-none-any.whl", hash = "sha256:4d111e6e0c13d0644cad6ddaa7ed0261a0b36971f6d23e7ec9b4b9097da78a10", size = 16674, upload-time = "2025-05-10T17:42:49.33Z" },
]

[[package]]
name = "iniconfig"
version = "2.1.0"
source = { registry = "https://pypi.org/simple" }
sdist = { url = "https://files.pythonhosted.org/packages/f2/97/ebf4da567aa6827c909642694d71c9fcf53e5b504f2d96afea02718862f3/iniconfig-2.1.0.tar.gz", hash = "sha256:3abbd2e30b36733fee78f9c7f7308f2d0050e88f0087fd25c2645f63c773e1c7", size = 4793, upload-time = "2025-03-19T20:09:59.721Z" }
wheels = [
    { url = "https://files.pythonhosted.org/packages/2c/e1/e6716421ea10d38022b952c159d5161ca1193197fb744506875fbb87ea7b/iniconfig-2.1.0-py3-none-any.whl", hash = "sha256:9deba5723312380e77435581c6bf4935c94cbfab9b1ed33ef8d238ea168eb760", size = 6050, upload-time = "2025-03-19T20:10:01.071Z" },
]

[[package]]
name = "jump-consistent-hash"
source = { editable = "." }

[package.dev-dependencies]
dev = [
    { name = "clang-format" },
    { name = "pytest" },
    { name = "ruff" },
    { name = "setuptools" },
    { name = "ty" },
]

[package.metadata]

[package.metadata.requires-dev]
dev = [
    { name = "clang-format" },
    { name = "pytest" },
    { name = "ruff" },
    { name = "setuptools" },
    { name = "ty" },
]

[[package]]
name = "packaging"
version = "25.0"
source = { registry = "https://pypi.org/simple" }
sdist = { url = "https://files.pythonhosted.org/packages/a1/d4/1fc4078c65507b51b96ca8f8c3ba19e6a61c8253c72794544580a7b6c24d/packaging-25.0.tar.gz", hash = "sha256:d443872c98d677bf60f6a1f2f8c1cb748e8fe762d2bf9d3148b5599295b0fc4f", size = 165727, upload-time = "2025-04-19T11:48:59.673Z" }
wheels = [
    { url = "https://files.pythonhosted.org/packages/20/12/38679034af332785aac8774540895e234f4d07f7545804097de4b666afd8/packaging-25.0-py3-none-any.whl", hash = "sha256:29572ef2b1f17581046b3a2227d5c611fb25ec70ca1ba8554b24b0e69331a484", size = 66469, upload-time = "2025-04-19T11:48:57.875Z" },
]

[[package]]
name = "pluggy"
version = "1.6.0"
source = { registry = "https://pypi.org/simple" }
sdist = { url = "https://files.pythonhosted.org/packages/f9/e2/3e91f31a7d2b083fe6ef3fa267035b518369d9511ffab804f839851d2779/pluggy-1.6.0.tar.gz", hash = "sha256:7dcc130b76258d33b90f61b658791dede3486c3e6bfb003ee5c9bfb396dd22f3", size = 69412, upload-time = "2025-05-15T12:30:07.975Z" }
wheels = [
    { url = "https://files.pythonhosted.org/packages/54/20/4d324d65cc6d9205fabedc306948156824eb9f0ee1633355a8f7ec5c66bf/pluggy-1.6.0-py3-none-any.whl", hash = "sha256:e920276dd6813095e9377c0bc5566d94c932c33b27a3e3945d8389c374dd4746", size = 20538, upload-time = "2025-05-15T12:30:06.134Z" },
]

[[package]]
name = "pygments"
version = "2.20.0"
source = { registry = "https://pypi.org/simple" }
sdist = { url = "https://files.pythonhosted.org/packages/c3/b2/bc9c9196916376152d655522fdcebac55e66de6603a76a02bca1b6414f6c/pygments-2.20.0.tar.gz", hash = "sha256:6757cd03768053ff99f3039c1a36d6c0aa0b263438fcab17520b30a303a82b5f", size = 4955991, upload-time = "2026-03-29T13:29:33.898Z" }
wheels = [
    { url = "https://files.pythonhosted.org/packages/f4/7e/a72dd26f3b0f4f2bf1dd8923c85f7ceb43172af56d63c7383eb62b332364/pygments-2.20.0-py3-none-any.whl", hash = "sha256:81a9e26dd42fd28a23a2d169d86d7ac03b46e2f8b59ed4698fb4785f946d0176", size = 1231151, upload-time = "2026-03-29T13:29:30.038Z" },
]

[[package]]
name = "pytest"
version = "8.4.2"
source = { registry = "https://pypi.org/simple" }
dependencies = [
    { name = "colorama", marker = "sys_platform == 'win32'" },
    { name = "exceptiongroup", marker = "python_full_version < '3.11'" },
    { name = "iniconfig" },
    { name = "packaging" },
    { name = "pluggy" },
    { name = "pygments" },
    { name = "tomli", marker = "python_full_version < '3.11'" },
]
sdist = { url = "https://files.pythonhosted.org/packages/a3/5c/00a0e072241553e1a7496d638deababa67c5058571567b92a7eaa258397c/pytest-8.4.2.tar.gz", hash = "sha256:86c0d0b93306b961d58d62a4db4879f27fe25513d4b969df351abdddb3c30e01", size = 1519618, upload-time = "2025-09-04T14:34:22.711Z" }
wheels = [
    { url = "https://files.pythonhosted.org/packages/a8/a4/20da314d277121d6534b3a980b29035dcd51e6744bd79075a6ce8fa4eb8d/pytest-8.4.2-py3-none-any.whl", hash = "sha256:872f880de3fc3a5bdc88a11b39c9710c3497a547cfa9320bc3c5e62fbf272e79", size = 365750, upload-time = "2025-09-04T14:34:20.226Z" },
]

[[package]]
name = "ruff"
version = "0.14.0"
source = { registry = "https://pypi.org/simple" }
sdist = { url = "https://files.pythonhosted.org/packages/41/b9/9bd84453ed6dd04688de9b3f3a4146a1698e8faae2ceeccce4e14c67ae17/ruff-0.14.0.tar.gz", hash = "sha256:62ec8969b7510f77945df916de15da55311fade8d6050995ff7f680afe582c57", size = 5452071, upload-time = "2025-10-07T18:21:55.763Z" }
wheels = [
    { url = "https://files.pythonhosted.org/packages/3a/4e/79d463a5f80654e93fa653ebfb98e0becc3f0e7cf6219c9ddedf1e197072/ruff-0.14.0-py3-none-linux_armv6l.whl", hash = "sha256:58e15bffa7054299becf4bab8a1187062c6f8cafbe9f6e39e0d5aface455d6b3", size = 12494532, upload-time = "2025-10-07T18:21:00.373Z" },
    { url = "https://files.pythonhosted.org/packages/ee/40/e2392f445ed8e02aa6105d49db4bfff01957379064c30f4811c3bf38aece/ruff-0.14.0-py3-none-macosx_10_12_x86_64.whl", hash = "sha256:838d1b065f4df676b7c9957992f2304e41ead7a50a568185efd404297d5701e8", size = 13160768, upload-time = "2025-10-07T18:21:04.73Z" },
    { url = "https://files.pythonhosted.org/packages/75/da/2a656ea7c6b9bd14c7209918268dd40e1e6cea65f4bb9880eaaa43b055cd/ruff-0.14.0-py3-none-macosx_11_0_arm64.whl", hash = "sha256:703799d059ba50f745605b04638fa7e9682cc3da084b2092feee63500ff3d9b8", size = 12363376, upload-time = "2025-10-07T18:21:07.833Z" },
    { url = "https://files.pythonhosted.org/packages/42/e2/1ffef5a1875add82416ff388fcb7ea8b22a53be67a638487937aea81af27/ruff-0.14.0-py3-none-manylinux_2_17_aarch64.manylinux2014_aarch64.whl", hash = "sha256:3ba9a8925e90f861502f7d974cc60e18ca29c72bb0ee8bfeabb6ade35a3abde7", size = 12608055, upload-time = "2025-10-07T18:21:10.72Z" },
    { url = "https://files.pythonhosted.org/packages/4a/32/986725199d7cee510d9f1dfdf95bf1efc5fa9dd714d0d85c1fb1f6be3bc3/ruff-0.14.0-py3-none-manylinux_2_17_armv7l.manylinux2014_armv7l.whl", hash = "sha256:e41f785498bd200ffc276eb9e1570c019c1d907b07cfb081092c8ad51975bbe7", size = 12318544, upload-time = "2025-10-07T18:21:13.741Z" },
    { url = "https://files.pythonhosted.org/packages/9a/ed/4969cefd53315164c94eaf4da7cfba1f267dc275b0abdd593d11c90829a3/ruff-0.14.0-py3-none-manylinux_2_17_i686.manylinux2014_i686.whl", hash = "sha256:30a58c087aef4584c193aebf2700f0fbcfc1e77b89c7385e3139956fa90434e2", size = 14001280, upload-time = "2025-10-07T18:21:16.411Z" },
    { url = "https://files.pythonhosted.org/packages/ab/ad/96c1fc9f8854c37681c9613d825925c7f24ca1acfc62a4eb3896b50bacd2/ruff-0.14.0-py3-none-manylinux_2_17_ppc64.manylinux2014_ppc64.whl", hash = "sha256:f8d07350bc7af0a5ce8812b7d5c1a7293cf02476752f23fdfc500d24b79b783c", size = 15027286, upload-time = "2025-10-07T18:21:19.577Z" },
    { url = "https://files.pythonhosted.org/packages/b3/00/1426978f97df4fe331074baf69615f579dc4e7c37bb4c6f57c2aad80c87f/ruff-0.14.0-py3-none-manylinux_2_17_ppc64le.manylinux2014_ppc64le.whl", hash = "sha256:eec3bbbf3a7d5482b5c1f42d5fc972774d71d107d447919fca620b0be3e3b75e", size = 14451506, upload-time = "2025-10-07T18:21:22.779Z" },
    { url = "https://files.pythonhosted.org/packages/58/d5/9c1cea6e493c0cf0647674cca26b579ea9d2a213b74b5c195fbeb9678e15/ruff-0.14.0-py3-none-manylinux_2_17_s390x.manylinux2014_s390x.whl", hash = "sha256:16b68e183a0e28e5c176d51004aaa40559e8f90065a10a559176713fcf435206", size = 13437384, upload-time = "2025-10-07T18:21:25.758Z" },
    { url = "https://files.pythonhosted.org/packages/29/b4/4cd6a4331e999fc05d9d77729c95503f99eae3ba1160469f2b64866964e3/ruff-0.14.0-py3-none-manylinux_2_17_x86_64.manylinux2014_x86_64.whl", hash = "sha256:eb732d17db2e945cfcbbc52af0143eda1da36ca8ae25083dd4f66f1542fdf82e", size = 13447976, upload-time = "2025-10-07T18:21:28.83Z" },
    { url = "https://files.pythonhosted.org/packages/3b/c0/ac42f546d07e4f49f62332576cb845d45c67cf5610d1851254e341d563b6/ruff-0.14.0-py3-none-manylinux_2_31_riscv64.whl", hash = "sha256:c958f66ab884b7873e72df38dcabee03d556a8f2ee1b8538ee1c2bbd619883dd", size = 13682850, upload-time = "2025-10-07T18:21:31.842Z" },
    { url = "https://files.pythonhosted.org/packages/5f/c4/4b0c9bcadd45b4c29fe1af9c5d1dc0ca87b4021665dfbe1c4688d407aa20/ruff-0.14.0-py3-none-musllinux_1_2_aarch64.whl", hash = "sha256:7eb0499a2e01f6e0c285afc5bac43ab380cbfc17cd43a2e1dd10ec97d6f2c42d", size = 12449825, upload-time = "2025-10-07T18:21:35.074Z" },
    { url = "https://files.pythonhosted.org/packages/4b/a8/e2e76288e6c16540fa820d148d83e55f15e994d852485f221b9524514730/ruff-0.14.0-py3-none-musllinux_1_2_armv7l.whl", hash = "sha256:4c63b2d99fafa05efca0ab198fd48fa6030d57e4423df3f18e03aa62518c565f", size = 12272599, upload-time = "2025-10-07T18:21:38.08Z" },
    { url = "https://files.pythonhosted.org/packages/18/14/e2815d8eff847391af632b22422b8207704222ff575dec8d044f9ab779b2/ruff-0.14.0-py3-none-musllinux_1_2_i686.whl", hash = "sha256:668fce701b7a222f3f5327f86909db2bbe99c30877c8001ff934c5413812ac02", size = 13193828, upload-time = "2025-10-07T18:21:41.216Z" },
    { url = "https://files.pythonhosted.org/packages/44/c6/61ccc2987cf0aecc588ff8f3212dea64840770e60d78f5606cd7dc34de32/ruff-0.14.0-py3-none-musllinux_1_2_x86_64.whl", hash = "sha256:a86bf575e05cb68dcb34e4c7dfe1064d44d3f0c04bbc0491949092192b515296", size = 13628617, upload-time = "2025-10-07T18:21:44.04Z" },
    { url = "https://files.pythonhosted.org/packages/73/e6/03b882225a1b0627e75339b420883dc3c90707a8917d2284abef7a58d317/ruff-0.14.0-py3-none-win32.whl", hash = "sha256:7450a243d7125d1c032cb4b93d9625dea46c8c42b4f06c6b709baac168e10543", size = 12367872, upload-time = "2025-10-07T18:21:46.67Z" },
    { url = "https://files.pythonhosted.org/packages/41/77/56cf9cf01ea0bfcc662de72540812e5ba8e9563f33ef3d37ab2174892c47/ruff-0.14.0-py3-none-win_amd64.whl", hash = "sha256:ea95da28cd874c4d9c922b39381cbd69cb7e7b49c21b8152b014bd4f52acddc2", size = 13464628, upload-time = "2025-10-07T18:21:50.318Z" },
    { url = "https://files.pythonhosted.org/packages/c6/2a/65880dfd0e13f7f13a775998f34703674a4554906167dce02daf7865b954/ruff-0.14.0-py3-none-win_arm64.whl", hash = "sha256:f42c9495f5c13ff841b1da4cb3c2a42075409592825dada7c5885c2c844ac730", size = 12565142, upload-time = "2025-10-07T18:21:53.577Z" },
]

[[package]]
name = "setuptools"
version = "80.9.0"
source = { registry = "https://pypi.org/simple" }
sdist = { url = "https://files.pythonhosted.org/packages/18/5d/3bf57dcd21979b887f014ea83c24ae194cfcd12b9e0fda66b957c69d1fca/setuptools-80.9.0.tar.gz", hash = "sha256:f36b47402ecde768dbfafc46e8e4207b4360c654f1f3bb84475f0a28628fb19c", size = 1319958, upload-time = "2025-05-27T00:56:51.443Z" }
wheels = [
    { url = "https://files.pythonhosted.org/packages/a3/dc/17031897dae0efacfea57dfd3a82fdd2a2aeb58e0ff71b77b87e44edc772/setuptools-80.9.0-py3-none-any.whl", hash = "sha256:062d34222ad13e0cc312a4c02d73f059e86a4acbfbdea8f8f76b28c99f306922", size = 1201486, upload-time = "2025-05-27T00:56:49.664Z" },
]

[[package]]
name = "tomli"
version = "2.2.1"
source = { registry = "https://pypi.org/simple" }
sdist = { url = "https://files.pythonhosted.org/packages/18/87/302344fed471e44a87289cf4967697d07e532f2421fdaf868a303cbae4ff/tomli-2.2.1.tar.gz", hash = "sha256:cd45e1dc79c835ce60f7404ec8119f2eb06d38b1deba146f07ced3bbc44505ff", size = 17175, upload-time = "2024-11-27T22:38:36.873Z" }
wheels = [
    { url = "https://files.pythonhosted.org/packages/43/ca/75707e6efa2b37c77dadb324ae7d9571cb424e61ea73fad7c56c2d14527f/tomli-2.2.1-cp311-cp311-macosx_10_9_x86_64.whl", hash = "sha256:678e4fa69e4575eb77d103de3df8a895e1591b48e740211bd1067378c69e8249", size = 131077, upload-time = "2024-11-27T22:37:54.956Z" },
    { url = "https://files.pythonhosted.org/packages/c7/16/51ae563a8615d472fdbffc43a3f3d46588c264ac4f024f63f01283becfbb/tomli-2.2.1-cp311-cp311-macosx_11_0_arm64.whl", hash = "sha256:023aa114dd824ade0100497eb2318602af309e5a55595f76b626d6d9f3b7b0a6", size = 123429, upload-time = "2024-11-27T22:37:56.698Z" },
    { url = "https://files.pythonhosted.org/packages/f1/dd/4f6cd1e7b160041db83c694abc78e100473c15d54620083dbd5aae7b990e/tomli-2.2.1-cp311-cp311-manylinux_2_17_aarch64.manylinux2014_aarch64.whl", hash = "sha256:ece47d672db52ac607a3d9599a9d48dcb2f2f735c6c2d1f34130085bb12b112a", size = 226067, upload-time = "2024-11-27T22:37:57.63Z" },
    { url = "https://files.pythonhosted.org/packages/a9/6b/c54ede5dc70d648cc6361eaf429304b02f2871a345bbdd51e993d6cdf550/tomli-2.2.1-cp311-cp311-manylinux_2_17_x86_64.manylinux2014_x86_64.whl", hash = "sha256:6972ca9c9cc9f0acaa56a8ca1ff51e7af152a9f87fb64623e31d5c83700080ee", size = 236030, upload-time = "2024-11-27T22:37:59.344Z" },
    { url = "https://files.pythonhosted.org/packages/1f/47/999514fa49cfaf7a92c805a86c3c43f4215621855d151b61c602abb38091/tomli-2.2.1-cp311-cp311-manylinux_2_5_i686.manylinux1_i686.manylinux_2_17_i686.manylinux2014_i686.whl", hash = "sha256:c954d2250168d28797dd4e3ac5cf812a406cd5a92674ee4c8f123c889786aa8e", size = 240898, upload-time = "2024-11-27T22:38:00.429Z" },
    { url = "https://files.pythonhosted.org/packages/73/41/0a01279a7ae09ee1573b423318e7934674ce06eb33f50936655071d81a24/tomli-2.2.1-cp311-cp311-musllinux_1_2_aarch64.whl", hash = "sha256:8dd28b3e155b80f4d54beb40a441d366adcfe740969820caf156c019fb5c7ec4", size = 229894, upload-time = "2024-11-27T22:38:02.094Z" },
    { url = "https://files.pythonhosted.org/packages/55/18/5d8bc5b0a0362311ce4d18830a5d28943667599a60d20118074ea1b01bb7/tomli-2.2.1-cp311-cp311-musllinux_1_2_i686.whl", hash = "sha256:e59e304978767a54663af13c07b3d1af22ddee3bb2fb0618ca1593e4f593a106", size = 245319, upload-time = "2024-11-27T22:38:03.206Z" },
    { url = "https://files.pythonhosted.org/packages/92/a3/7ade0576d17f3cdf5ff44d61390d4b3febb8a9fc2b480c75c47ea048c646/tomli-2.2.1-cp311-cp311-musllinux_1_2_x86_64.whl", hash = "sha256:33580bccab0338d00994d7f16f4c4ec25b776af3ffaac1ed74e0b3fc95e885a8", size = 238273, upload-time = "2024-11-27T22:38:04.217Z" },
    { url = "https://files.pythonhosted.org/packages/72/6f/fa64ef058ac1446a1e51110c375339b3ec6be245af9d14c87c4a6412dd32/tomli-2.2.1-cp311-cp311-win32.whl", hash = "sha256:465af0e0875402f1d226519c9904f37254b3045fc5084697cefb9bdde1ff99ff", size = 98310, upload-time = "2024-11-27T22:38:05.908Z" },
    { url = "https://files.pythonhosted.org/packages/6a/1c/4a2dcde4a51b81be3530565e92eda625d94dafb46dbeb15069df4caffc34/tomli-2.2.1-cp311-cp311-win_amd64.whl", hash = "sha256:2d0f2fdd22b02c6d81637a3c95f8cd77f995846af7414c5c4b8d0545afa1bc4b", size = 108309, upload-time = "2024-11-27T22:38:06.812Z" },
    { url = "https://files.pythonhosted.org/packages/52/e1/f8af4c2fcde17500422858155aeb0d7e93477a0d59a98e56cbfe75070fd0/tomli-2.2.1-cp312-cp312-macosx_10_13_x86_64.whl", hash = "sha256:4a8f6e44de52d5e6c657c9fe83b562f5f4256d8ebbfe4ff922c495620a7f6cea", size = 132762, upload-time = "2024-11-27T22:38:07.731Z" },
    { url = "https://files.pythonhosted.org/packages/03/b8/152c68bb84fc00396b83e7bbddd5ec0bd3dd409db4195e2a9b3e398ad2e3/tomli-2.2.1-cp312-cp312-macosx_11_0_arm64.whl", hash = "sha256:8d57ca8095a641b8237d5b079147646153d22552f1c637fd3ba7f4b0b29167a8", size = 123453, upload-time = "2024-11-27T22:38:09.384Z" },
    { url = "https://files.pythonhosted.org/packages/c8/d6/fc9267af9166f79ac528ff7e8c55c8181ded34eb4b0e93daa767b8841573/tomli-2.2.1-cp312-cp312-manylinux_2_17_aarch64.manylinux2014_aarch64.whl", hash = "sha256:4e340144ad7ae1533cb897d406382b4b6fede8890a03738ff1683af800d54192", size = 233486, upload-time = "2024-11-27T22:38:10.329Z" },
    { url = "https://files.pythonhosted.org/packages/5c/51/51c3f2884d7bab89af25f678447ea7d297b53b5a3b5730a7cb2ef6069f07/tomli-2.2.1-cp312-cp312-manylinux_2_17_x86_64.manylinux2014_x86_64.whl", hash = "sha256:db2b95f9de79181805df90bedc5a5ab4c165e6ec3fe99f970d0e302f384ad222", size = 242349, upload-time = "2024-11-27T22:38:11.443Z" },
    { url = "https://files.pythonhosted.org/packages/ab/df/bfa89627d13a5cc22402e441e8a931ef2108403db390ff3345c05253935e/tomli-2.2.1-cp312-cp312-manylinux_2_5_i686.manylinux1_i686.manylinux_2_17_i686.manylinux2014_i686.whl", hash = "sha256:40741994320b232529c802f8bc86da4e1aa9f413db394617b9a256ae0f9a7f77", size = 252159, upload-time = "2024-11-27T22:38:13.099Z" },
    { url = "https://files.pythonhosted.org/packages/9e/6e/fa2b916dced65763a5168c6ccb91066f7639bdc88b48adda990db10c8c0b/tomli-2.2.1-cp312-cp312-musllinux_1_2_aarch64.whl", hash = "sha256:400e720fe168c0f8521520190686ef8ef033fb19fc493da09779e592861b78c6", size = 237243, upload-time = "2024-11-27T22:38:14.766Z" },
    { url = "https://files.pythonhosted.org/packages/b4/04/885d3b1f650e1153cbb93a6a9782c58a972b94ea4483ae4ac5cedd5e4a09/tomli-2.2.1-cp312-cp312-musllinux_1_2_i686.whl", hash = "sha256:02abe224de6ae62c19f090f68da4e27b10af2b93213d36cf44e6e1c5abd19fdd", size = 259645, upload-time = "2024-11-27T22:38:15.843Z" },
    { url = "https://files.pythonhosted.org/packages/9c/de/6b432d66e986e501586da298e28ebeefd3edc2c780f3ad73d22566034239/tomli-2.2.1-cp312-cp312-musllinux_1_2_x86_64.whl", hash = "sha256:b82ebccc8c8a36f2094e969560a1b836758481f3dc360ce9a3277c65f374285e", size = 244584, upload-time = "2024-11-27T22:38:17.645Z" },
    { url = "https://files.pythonhosted.org/packages/1c/9a/47c0449b98e6e7d1be6cbac02f93dd79003234ddc4aaab6ba07a9a7482e2/tomli-2.2.1-cp312-cp312-win32.whl", hash = "sha256:889f80ef92701b9dbb224e49ec87c645ce5df3fa2cc548664eb8a25e03127a98", size = 98875, upload-time = "2024-11-27T22:38:19.159Z" },
    { url = "https://files.pythonhosted.org/packages/ef/60/9b9638f081c6f1261e2688bd487625cd1e660d0a85bd469e91d8db969734/tomli-2.2.1-cp312-cp312-win_amd64.whl", hash = "sha256:7fc04e92e1d624a4a63c76474610238576942d6b8950a2d7f908a340494e67e4", size = 109418, upload-time = "2024-11-27T22:38:20.064Z" },
    { url = "https://files.pythonhosted.org/packages/04/90/2ee5f2e0362cb8a0b6499dc44f4d7d48f8fff06d28ba46e6f1eaa61a1388/tomli-2.2.1-cp313-cp313-macosx_10_13_x86_64.whl", hash = "sha256:f4039b9cbc3048b2416cc57ab3bda989a6fcf9b36cf8937f01a6e731b64f80d7", size = 132708, upload-time = "2024-11-27T22:38:21.659Z" },
    { url = "https://files.pythonhosted.org/packages/c0/ec/46b4108816de6b385141f082ba99e315501ccd0a2ea23db4a100dd3990ea/tomli-2.2.1-cp313-cp313-macosx_11_0_arm64.whl", hash = "sha256:286f0ca2ffeeb5b9bd4fcc8d6c330534323ec51b2f52da063b11c502da16f30c", size = 123582, upload-time = "2024-11-27T22:38:22.693Z" },
    { url = "https://files.pythonhosted.org/packages/a0/bd/b470466d0137b37b68d24556c38a0cc819e8febe392d5b199dcd7f578365/tomli-2.2.1-cp313-cp313-manylinux_2_17_aarch64.manylinux2014_aarch64.whl", hash = "sha256:a92ef1a44547e894e2a17d24e7557a5e85a9e1d0048b0b5e7541f76c5032cb13", size = 232543, upload-time = "2024-11-27T22:38:24.367Z" },
    { url = "https://files.pythonhosted.org/packages/d9/e5/82e80ff3b751373f7cead2815bcbe2d51c895b3c990686741a8e56ec42ab/tomli-2.2.1-cp313-cp313-manylinux_2_17_x86_64.manylinux2014_x86_64.whl", hash = "sha256:9316dc65bed1684c9a98ee68759ceaed29d229e985297003e494aa825ebb0281", size = 241691, upload-time = "2024-11-27T22:38:26.081Z" },
    { url = "https://files.pythonhosted.org/packages/05/7e/2a110bc2713557d6a1bfb06af23dd01e7dde52b6ee7dadc589868f9abfac/tomli-2.2.1-cp313-cp313-manylinux_2_5_i686.manylinux1_i686.manylinux_2_17_i686.manylinux2014_i686.whl", hash = "sha256:e85e99945e688e32d5a35c1ff38ed0b3f41f43fad8df0bdf79f72b2ba7bc5272", size = 251170, upload-time = "2024-11-27T22:38:27.921Z" },
    { url = "https://files.pythonhosted.org/packages/64/7b/22d713946efe00e0adbcdfd6d1aa119ae03fd0b60ebed51ebb3fa9f5a2e5/tomli-2.2.1-cp313-cp313-musllinux_1_2_aarch64.whl", hash = "sha256:ac065718db92ca818f8d6141b5f66369833d4a80a9d74435a268c52bdfa73140", size = 236530, upload-time = "2024-11-27T22:38:29.591Z" },
    { url = "https://files.pythonhosted.org/packages/38/31/3a76f67da4b0cf37b742ca76beaf819dca0ebef26d78fc794a576e08accf/tomli-2.2.1-cp313-cp313-musllinux_1_2_i686.whl", hash = "sha256:d920f33822747519673ee656a4b6ac33e382eca9d331c87770faa3eef562aeb2", size = 258666, upload-time = "2024-11-27T22:38:30.639Z" },
    { url = "https://files.pythonhosted.org/packages/07/10/5af1293da642aded87e8a988753945d0cf7e00a9452d3911dd3bb354c9e2/tomli-2.2.1-cp313-cp313-musllinux_1_2_x86_64.whl", hash = "sha256:a198f10c4d1b1375d7687bc25294306e551bf1abfa4eace6650070a5c1ae2744", size = 243954, upload-time = "2024-11-27T22:38:31.702Z" },
    { url = "https://files.pythonhosted.org/packages/5b/b9/1ed31d167be802da0fc95020d04cd27b7d7065cc6fbefdd2f9186f60d7bd/tomli-2.2.1-cp313-cp313-win32.whl", hash = "sha256:d3f5614314d758649ab2ab3a62d4f2004c825922f9e370b29416484086b264ec", size = 98724, upload-time = "2024-11-27T22:38:32.837Z" },
    { url = "https://files.pythonhosted.org/packages/c7/32/b0963458706accd9afcfeb867c0f9175a741bf7b19cd424230714d722198/tomli-2.2.1-cp313-cp313-win_amd64.whl", hash = "sha256:a38aa0308e754b0e3c67e344754dff64999ff9b513e691d0e786265c93583c69", size = 109383, upload-time = "2024-11-27T22:38:34.455Z" },
    { url = "https://files.pythonhosted.org/packages/6e/c2/61d3e0f47e2b74ef40a68b9e6ad5984f6241a942f7cd3bbfbdbd03861ea9/tomli-2.2.1-py3-none-any.whl", hash = "sha256:cb55c73c5f4408779d0cf3eef9f762b9c9f147a77de7b258bef0a5628adc85cc", size = 14257, upload-time = "2024-11-27T22:38:35.385Z" },
]

[[package]]
name = "ty"
version = "0.0.77"
source = { registry = "https://pypi.org/simple" }
sdist = { url = "https://files.pythonhosted.org/packages/bb/ef/a2024d1d33d5ba8436677a6fd734f87a137150aba99906fc009f7c5de956/ty-0.0.77.tar.gz", hash = "sha256:8898f3097610f4a772ead6bfad7b204c7d76e8eb3a010c7285b9186278e0fb82", size = 7005734, upload-time = "2026-09-01T00:26:26.901Z" }
wheels = [
    { url = "https://files.pythonhosted.org/packages/48/03/930f7454a6d797abc09aebbf537017825ebb08d9f8c2e2d905e74341dbb1/ty-0.0.77-py3-none-linux_armv6l.whl", hash = "sha256:ea76012f1ed387b6fc6500894fb8a7654b724c38713e263a23f12756f00e2469", size = 13241626, upload-time = "2026-09-01T00:25:51.02Z" },
    { url = "https://files.pythonhosted.org/packages/65/41/7e064045775718673851f6c0e1cfde70d6e380b0db9d91d4484a362f2d67/ty-0.0.77-py3-none-macosx_10_12_x86_64.whl", hash = "sha256:237a58c389e01d65c4693e0394feb0f0adea3fba0345c3b932d209084372f3d3", size = 12830037, upload-time = "2026-09-01T00:25:53.172Z" },
    { url = "https://files.pythonhosted.org/packages/5b/64/66f0b0dc89bd239922bdf12fa3e6d066aa7a425e8b70414368c4eb44a6e6/ty-0.0.77-py3-none-macosx_11_0_arm64.whl", hash = "sha256:bbb8ae7a753b9a6af25725c314d0eca967e5fde5eebb7a35b04b0d763dfb9d7c", size = 12612071, upload-time = "2026-09-01T00:25:55.116Z" },
    { url = "https://files.pythonhosted.org/packages/fd/5c/bef8b1f471931a9395792be023613b6cee0ef1449815bf97b18be07f883c/ty-0.0.77-py3-none-manylinux_2_17_aarch64.manylinux2014_aarch64.whl", hash = "sha256:603620c063b718ddbe302f83fb0d7c01a13f1941c3b9763512a89c9bbfabba96", size = 12641403, upload-time = "2026-09-01T00:25:57.305Z" },
    { url = "https://files.pythonhosted.org/packages/43/66/e4d32a0145162f79bc3dd6fca4770f88966c3b5206121ffeecd5f7b05e8b/ty-0.0.77-py3-none-manylinux_2_17_armv7l.manylinux2014_armv7l.whl", hash = "sha256:03f128cb8b204e22a18f4b01ef0194aa445f4edb080cb7d77621cb2ab353885c", size = 13013526, upload-time = "2026-09-01T00:25:59.278Z" },
    { url = "https://files.pythonhosted.org/packages/aa/be/33493ee43d4db7d402ceaee55c5d6c22e2b1105f10b1ac5928c220f79650/ty-0.0.77-py3-none-manylinux_2_17_i686.manylinux2014_i686.whl", hash = "sha256:97d1600ef69fc8e3b2310de1915cd34ba3b712fdc730cb02b713520956baec0a", size = 13828076, upload-time = "2026-09-01T00:26:01.343Z" },
    { url = "https://files.pythonhosted.org/packages/cf/d5/b6335fdc8c09aaaaf6541322076c5a7205fa16c29dbeddc1f24dd89b3894/ty-0.0.77-py3-none-manylinux_2_17_ppc64le.manylinux2014_ppc64le.whl", hash = "sha256:dced0924a83b6d945fd48a29aa85e131fb98dc574f4c9a0e7c43d03eff373402", size = 14247770, upload-time = "2026-09-01T00:26:03.388Z" },
    { url = "https://files.pythonhosted.org/packages/11/64/bbe96c1da26585919ac10f33df1d337d9b498013fc60c5178e76955c2a53/ty-0.0.77-py3-none-manylinux_2_17_s390x.manylinux2014_s390x.whl", hash = "sha256:b14b002233a954115a04932b3a93d75a387569848276cf7bb0b5dc6b040001c4", size = 13926528, upload-time = "2026-09-01T00:26:05.587Z" },
    { url = "https://files.pythonhosted.org/packages/4f/e2/cdc94e9a1b69e9b7dd0ec3ad3ca75741245b8b5b2e3ffe9b365ca31d8052/ty-0.0.77-py3-none-manylinux_2_17_x86_64.manylinux2014_x86_64.whl", hash = "sha256:581adf1ae1e48e00e89ec162913d559ddf75a7805646a13ffd68943c1b5e8daa", size = 13290834, upload-time = "2026-09-01T00:26:07.912Z" },
    { url = "https://files.pythonhosted.org/packages/92/8c/4929dd8e924ddbd6284dcb3cfbda488bd6cb091e5384f8b7fb5dd3de9122/ty-0.0.77-py3-none-manylinux_2_31_riscv64.whl", hash = "sha256:9bda523b40e06c643feb6d5d5bcbacc56a2bd9eed3d7cae1119452502bcd69b0", size = 13829048, upload-time = "2026-09-01T00:26:10.093Z" },
    { url = "https://files.pythonhosted.org/packages/9b/f4/441a74ddc5e2db2690264c1ee0e478d46b8e42bd529472fdb1656b63bff2/ty-0.0.77-py3-none-musllinux_1_2_aarch64.whl", hash = "sha256:4b8b04d8c3af8148e963e950094bd53c8cc4d3a11f5f8764ff8d39627bd6e64a", size = 12803755, upload-time = "2026-09-01T00:26:12.055Z" },
    { url = "https://files.pythonhosted.org/packages/85/39/875bb7092ee1edb090b62eca74b7311f6416dc3aa7da442b4a1f95408251/ty-0.0.77-py3-none-musllinux_1_2_armv7l.whl", hash = "sha256:33a9ff9be488edf4d6fac46c456198cc848d9641f418f1a83aa123825e93c6ec", size = 13028244, upload-time = "2026-09-01T00:26:14.212Z" },
    { url = "https://files.pythonhosted.org/packages/e3/76/4b0a48f118dca6a32e1609f2d0bea2c3f7be9051af645fe5044ca35cbbb4/ty-0.0.77-py3-none-musllinux_1_2_i686.whl", hash = "sha256:61ad5467206e5ea6531c8aebebf1276c6150989a94a1d5974a84d9e0eeed5c38", size = 13321068, upload-time = "2026-09-01T00:26:16.418Z" },
    { url = "https://files.pythonhosted.org/packages/8d/46/cd21bc6441df4b221d9e131551bab2a5f9c0b724e60e1c960622ee175128/ty-0.0.77-py3-none-musllinux_1_2_x86_64.whl", hash = "sha256:1293b94f26d1f330424e3b97c20b434f7e2ac1938287b8588466c75ece6c0b10", size = 13609112, upload-time = "2026-09-01T00:26:18.424Z" },
    { url = "https://files.pythonhosted.org/packages/21/7b/0da4537a7eca4eb3ca72a2cb4539cfbb6fb3138d1dc4ae7a66299b941fb3/ty-0.0.77-py3-none-win32.whl", hash = "sha256:cb71152bdf56860375c790682cc3efc120aaf8e36f1cd6367773312905e82b50", size = 12573821, upload-time = "2026-09-01T00:26:20.404Z" },
    { url = "https://files.pythonhosted.org/packages/96/91/aec75b11bfaa5a358f5a505afa6307fc4bee1c5f4c6444e18fa82c25f3be/ty-0.0.77-py3-none-win_amd64.whl", hash = "sha256:86f01d4af8b006c9442a2de0ab949cc24462f8f9431bebc0b73f6166fbbca19f", size = 13154851, upload-time = "2026-09-01T00:26:22.389Z" },
    { url = "https://files.pythonhosted.org/packages/bf/e5/77772f95ff81bf7c817595cd08b52d007acab90dac0f2339faa486e6a525/ty-0.0.77-py3-none-win_arm64.whl", hash = "sha256:942a3bb2a4786c80bd8ef4503e5024046617cdfcc550b56c1acc4817ce7ac144", size = 12992392, upload-time = "2026-09-01T00:26:24.44Z" },
]

[[package]]
name = "typing-extensions"
version = "4.15.0"
source = { registry = "https://pypi.org/simple" }
sdist = { url = "https://files.pythonhosted.org/packages/72/94/1a15dd82efb362ac84269196e94cf00f187f7ed21c242792a923cdb1c61f/typing_extensions-4.15.0.tar.gz", hash = "sha256:0cea48d173cc12fa28ecabc3b837ea3cf6f38c6d1136f85cbaaf598984861466", size = 109391, upload-time = "2025-08-25T13:49:26.313Z" }
wheels = [
    { url = "https://files.pythonhosted.org/packages/18/67/36e9267722cc04a6b9f15c7f3441c2363321a3ea07da7ae0c0707beb2a9c/typing_extensions-4.15.0-py3-none-any.whl", hash = "sha256:f0fa19c6845758ab08074a0cfa8b7aecb71c999ca73d62883bc25cc018c4e548", size = 44614, upload-time = "2025-08-25T13:49:24.86Z" },
]
